{
  "name": "fileNameCleanerTest",
  "lockfileVersion": 3,
  "requires": true,
  "packages": {
    "": {
      "dependencies": {
        "nw.gui": "^0.0.1-security"
      }
    },
    "node_modules/nw.gui": {
      "version": "0.0.1-security",
      "resolved": "https://registry.npmjs.org/nw.gui/-/nw.gui-0.0.1-security.tgz",
      "integrity": "sha512-AEP67xhOV8nmMseEgAfWQ27YGwS5jyh8JEs6tY8Qd9U8S7N6ITlYyGqLKVrCJ2iAM0B0SY/pfoU3bVnVvDpsyg=="
    }
  }
}
